<Solution>
  <Folder Name="/src/">
    <Project Path="src/RagEngine.Api/RagEngine.Api.csproj" />
    <Project Path="src/RagEngine.Cli/RagEngine.Cli.csproj" />
    <Project Path="src/RagEngine.Core/RagEngine.Core.csproj" />
  </Folder>
  <Folder Name="/poc/">
    <Project Path="poc/RagEngine.Poc.FreeSearch/RagEngine.Poc.FreeSearch.csproj" />
  </Folder>
  <Folder Name="/tests/">
    <Project Path="tests/RagEngine.Core.Tests/RagEngine.Core.Tests.csproj" />
  </Folder>
</Solution>
